// !$*UTF8*$!
{
	archiveVersion = 1;
	classes = {
	};
	objectVersion = 77;
	objects = {

/* Begin PBXBuildFile section */
		401533BA2EBF30D9005BA896 /* Alamofire in Frameworks */ = {isa = PBXBuildFile; productRef = 401533B92EBF30D9005BA896 /* Alamofire */; };
		401533BF2EBF368B005BA896 /* Auth0 in Frameworks */ = {isa = PBXBuildFile; productRef = 401533BE2EBF368B005BA896 /* Auth0 */; };
		401533C22EBF3758005BA896 /* Swinject in Frameworks */ = {isa = PBXBuildFile; productRef = 401533C12EBF3758005BA896 /* Swinject */; };
/* End PBXBuildFile section */

/* Begin PBXContainerItemProxy section */
		4015339C2EBF2EFF005BA896 /* PBXContainerItemProxy */ = {
			isa = PBXContainerItemProxy;
			containerPortal = 401533812EBF2EFA005BA896 /* Project object */;
			proxyType = 1;
			remoteGlobalIDString = 401533882EBF2EFA005BA896;
			remoteInfo = spaceflight;
		};
		401533A62EBF2EFF005BA896 /* PBXContainerItemProxy */ = {
			isa = PBXContainerItemProxy;
			containerPortal = 401533812EBF2EFA005BA896 /* Project object */;
			proxyType = 1;
			remoteGlobalIDString = 401533882EBF2EFA005BA896;
			remoteInfo = spaceflight;
		};
/* End PBXContainerItemProxy section */

/* Begin PBXFileReference section */
		401533892EBF2EFA005BA896 /* spaceflight.app */ = {isa = PBXFileReference; explicitFileType = wrapper.application; includeInIndex = 0; path = spaceflight.app; sourceTree = BUILT_PRODUCTS_DIR; };
		4015339B2EBF2EFF005BA896 /* spaceflightTests.xctest */ = {isa = PBXFileReference; explicitFileType = wrapper.cfbundle; includeInIndex = 0; path = spaceflightTests.xctest; sourceTree = BUILT_PRODUCTS_DIR; };
		401533A52EBF2EFF005BA896 /* spaceflightUITests.xctest */ = {isa = PBXFileReference; explicitFileType = wrapper.cfbundle; includeInIndex = 0; path = spaceflightUITests.xctest; sourceTree = BUILT_PRODUCTS_DIR; };
/* End PBXFileReference section */

/* Begin PBXFileSystemSynchronizedRootGroup section */
		4015338B2EBF2EFA005BA896 /* spaceflight */ = {
			isa = PBXFileSystemSynchronizedRootGroup;
			path = spaceflight;
			sourceTree = "<group>";
		};
		4015339E2EBF2EFF005BA896 /* spaceflightTests */ = {
			isa = PBXFileSystemSynchronizedRootGroup;
			path = spaceflightTests;
			sourceTree = "<group>";
		};
		401533A82EBF2EFF005BA896 /* spaceflightUITests */ = {
			isa = PBXFileSystemSynchronizedRootGroup;
			path = spaceflightUITests;
			sourceTree = "<group>";
		};
/* End PBXFileSystemSynchronizedRootGroup section */

/* Begin PBXFrameworksBuildPhase section */
		401533862EBF2EFA005BA896 /* Frameworks */ = {
			isa = PBXFrameworksBuildPhase;
			buildActionMask = 2147483647;
			files = (
				401533BF2EBF368B005BA896 /* Auth0 in Frameworks */,
				401533BA2EBF30D9005BA896 /* Alamofire in Frameworks */,
				401533C22EBF3758005BA896 /* Swinject in Frameworks */,
			);
			runOnlyForDeploymentPostprocessing = 0;
		};
		401533982EBF2EFF005BA896 /* Frameworks */ = {
			isa = PBXFrameworksBuildPhase;
			buildActionMask = 2147483647;
			files = (
			);
			runOnlyForDeploymentPostprocessing = 0;
		};
		401533A22EBF2EFF005BA896 /* Frameworks */ = {
			isa = PBXFrameworksBuildPhase;
			buildActionMask = 2147483647;
			files = (
			);
			runOnlyForDeploymentPostprocessing = 0;
		};
/* End PBXFrameworksBuildPhase section */

/* Begin PBXGroup section */
		401533802EBF2EFA005BA896 = {
			isa = PBXGroup;
			children = (
				4015338B2EBF2EFA005BA896 /* spaceflight */,
				4015339E2EBF2EFF005BA896 /* spaceflightTests */,
				401533A82EBF2EFF005BA896 /* spaceflightUITests */,
				4015338A2EBF2EFA005BA896 /* Products */,
			);
			sourceTree = "<group>";
		};
		4015338A2EBF2EFA005BA896 /* Products */ = {
			isa = PBXGroup;
			children = (
				401533892EBF2EFA005BA896 /* spaceflight.app */,
				4015339B2EBF2EFF005BA896 /* spaceflightTests.xctest */,
				401533A52EBF2EFF005BA896 /* spaceflightUITests.xctest */,
			);
			name = Products;
			sourceTree = "<group>";
		};
/* End PBXGroup section */

/* Begin PBXNativeTarget section */
		401533882EBF2EFA005BA896 /* spaceflight */ = {
			isa = PBXNativeTarget;
			buildConfigurationList = 401533AF2EBF2EFF005BA896 /* Build configuration list for PBXNativeTarget "spaceflight" */;
			buildPhases = (
				401533852EBF2EFA005BA896 /* Sources */,
				401533862EBF2EFA005BA896 /* Frameworks */,
				401533872EBF2EFA005BA896 /* Resources */,
			);
			buildRules = (
			);
			dependencies = (
			);
			fileSystemSynchronizedGroups = (
				4015338B2EBF2EFA005BA896 /* spaceflight */,
			);
			name = spaceflight;
			packageProductDependencies = (
				401533B92EBF30D9005BA896 /* Alamofire */,
				401533BE2EBF368B005BA896 /* Auth0 */,
				401533C12EBF3758005BA896 /* Swinject */,
			);
			productName = spaceflight;
			productReference = 401533892EBF2EFA005BA896 /* spaceflight.app */;
			productType = "com.apple.product-type.application";
		};
		4015339A2EBF2EFF005BA896 /* spaceflightTests */ = {
			isa = PBXNativeTarget;
			buildConfigurationList = 401533B22EBF2EFF005BA896 /* Build configuration list for PBXNativeTarget "spaceflightTests" */;
			buildPhases = (
				401533972EBF2EFF005BA896 /* Sources */,
				401533982EBF2EFF005BA896 /* Frameworks */,
				401533992EBF2EFF005BA896 /* Resources */,
			);
			buildRules = (
			);
			dependencies = (
				4015339D2EBF2EFF005BA896 /* PBXTargetDependency */,
			);
			fileSystemSynchronizedGroups = (
				4015339E2EBF2EFF005BA896 /* spaceflightTests */,
			);
			name = spaceflightTests;
			packageProductDependencies = (
			);
			productName = spaceflightTests;
			productReference = 4015339B2EBF2EFF005BA896 /* spaceflightTests.xctest */;
			productType = "com.apple.product-type.bundle.unit-test";
		};
		401533A42EBF2EFF005BA896 /* spaceflightUITests */ = {
			isa = PBXNativeTarget;
			buildConfigurationList = 401533B52EBF2EFF005BA896 /* Build configuration list for PBXNativeTarget "spaceflightUITests" */;
			buildPhases = (
				401533A12EBF2EFF005BA896 /* Sources */,
				401533A22EBF2EFF005BA896 /* Frameworks */,
				401533A32EBF2EFF005BA896 /* Resources */,
			);
			buildRules = (
			);
			dependencies = (
				401533A72EBF2EFF005BA896 /* PBXTargetDependency */,
			);
			fileSystemSynchronizedGroups = (
				401533A82EBF2EFF005BA896 /* spaceflightUITests */,
			);
			name = spaceflightUITests;
			packageProductDependencies = (
			);
			productName = spaceflightUITests;
			productReference = 401533A52EBF2EFF005BA896 /* spaceflightUITests.xctest */;
			productType = "com.apple.product-type.bundle.ui-testing";
		};
/* End PBXNativeTarget section */

/* Begin PBXProject section */
		401533812EBF2EFA005BA896 /* Project object */ = {
			isa = PBXProject;
			attributes = {
				BuildIndependentTargetsInParallel = 1;
				LastSwiftUpdateCheck = 2610;
				LastUpgradeCheck = 2610;
				TargetAttributes = {
					401533882EBF2EFA005BA896 = {
						CreatedOnToolsVersion = 26.1;
					};
					4015339A2EBF2EFF005BA896 = {
						CreatedOnToolsVersion = 26.1;
						TestTargetID = 401533882EBF2EFA005BA896;
					};
					401533A42EBF2EFF005BA896 = {
						CreatedOnToolsVersion = 26.1;
						TestTargetID = 401533882EBF2EFA005BA896;
					};
				};
			};
			buildConfigurationList = 401533842EBF2EFA005BA896 /* Build configuration list for PBXProject "spaceflight" */;
			developmentRegion = en;
			hasScannedForEncodings = 0;
			knownRegions = (
				en,
				Base,
			);
			mainGroup = 401533802EBF2EFA005BA896;
			minimizedProjectReferenceProxies = 1;
			packageReferences = (
				401533B82EBF30D9005BA896 /* XCRemoteSwiftPackageReference "Alamofire" */,
				401533BD2EBF368B005BA896 /* XCRemoteSwiftPackageReference "Auth0" */,
				401533C02EBF3758005BA896 /* XCRemoteSwiftPackageReference "Swinject" */,
			);
			preferredProjectObjectVersion = 77;
			productRefGroup = 4015338A2EBF2EFA005BA896 /* Products */;
			projectDirPath = "";
			projectRoot = "";
			targets = (
				401533882EBF2EFA005BA896 /* spaceflight */,
				4015339A2EBF2EFF005BA896 /* spaceflightTests */,
				401533A42EBF2EFF005BA896 /* spaceflightUITests */,
			);
		};
/* End PBXProject section */

/* Begin PBXResourcesBuildPhase section */
		401533872EBF2EFA005BA896 /* Resources */ = {
			isa = PBXResourcesBuildPhase;
			buildActionMask = 2147483647;
			files = (
			);
			runOnlyForDeploymentPostprocessing = 0;
		};
		401533992EBF2EFF005BA896 /* Resources */ = {
			isa = PBXResourcesBuildPhase;
			buildActionMask = 2147483647;
			files = (
			);
			runOnlyForDeploymentPostprocessing = 0;
		};
		401533A32EBF2EFF005BA896 /* Resources */ = {
			isa = PBXResourcesBuildPhase;
			buildActionMask = 2147483647;
			files = (
			);
			runOnlyForDeploymentPostprocessing = 0;
		};
/* End PBXResourcesBuildPhase section */

/* Begin PBXSourcesBuildPhase section */
		401533852EBF2EFA005BA896 /* Sources */ = {
			isa = PBXSourcesBuildPhase;
			buildActionMask = 2147483647;
			files = (
			);
			runOnlyForDeploymentPostprocessing = 0;
		};
		401533972EBF2EFF005BA896 /* Sources */ = {
			isa = PBXSourcesBuildPhase;
			buildActionMask = 2147483647;
			files = (
			);
			runOnlyForDeploymentPostprocessing = 0;
		};
		401533A12EBF2EFF005BA896 /* Sources */ = {
			isa = PBXSourcesBuildPhase;
			buildActionMask = 2147483647;
			files = (
			);
			runOnlyForDeploymentPostprocessing = 0;
		};
/* End PBXSourcesBuildPhase section */

/* Begin PBXTargetDependency section */
		4015339D2EBF2EFF005BA896 /* PBXTargetDependency */ = {
			isa = PBXTargetDependency;
			target = 401533882EBF2EFA005BA896 /* spaceflight */;
			targetProxy = 4015339C2EBF2EFF005BA896 /* PBXContainerItemProxy */;
		};
		401533A72EBF2EFF005BA896 /* PBXTargetDependency */ = {
			isa = PBXTargetDependency;
			target = 401533882EBF2EFA005BA896 /* spaceflight */;
			targetProxy = 401533A62EBF2EFF005BA896 /* PBXContainerItemProxy */;
		};
/* End PBXTargetDependency section */

/* Begin XCBuildConfiguration section */
		401533AD2EBF2EFF005BA896 /* Debug */ = {
			isa = XCBuildConfiguration;
			buildSettings = {
				ALWAYS_SEARCH_USER_PATHS = NO;
				ASSETCATALOG_COMPILER_GENERATE_SWIFT_ASSET_SYMBOL_EXTENSIONS = YES;
				CLANG_ANALYZER_NONNULL = YES;
				CLANG_ANALYZER_NUMBER_OBJECT_CONVERSION = YES_AGGRESSIVE;
				CLANG_CXX_LANGUAGE_STANDARD = "gnu++20";
				CLANG_ENABLE_MODULES = YES;
				CLANG_ENABLE_OBJC_ARC = YES;
				CLANG_ENABLE_OBJC_WEAK = YES;
				CLANG_WARN_BLOCK_CAPTURE_AUTORELEASING = YES;
				CLANG_WARN_BOOL_CONVERSION = YES;
				CLANG_WARN_COMMA = YES;
				CLANG_WARN_CONSTANT_CONVERSION = YES;
				CLANG_WARN_DEPRECATED_OBJC_IMPLEMENTATIONS = YES;
				CLANG_WARN_DIRECT_OBJC_ISA_USAGE = YES_ERROR;
				CLANG_WARN_DOCUMENTATION_COMMENTS = YES;
				CLANG_WARN_EMPTY_BODY = YES;
				CLANG_WARN_ENUM_CONVERSION = YES;
				CLANG_WARN_INFINITE_RECURSION = YES;
				CLANG_WARN_INT_CONVERSION = YES;
				CLANG_WARN_NON_LITERAL_NULL_CONVERSION = YES;
				CLANG_WARN_OBJC_IMPLICIT_RETAIN_SELF = YES;
				CLANG_WARN_OBJC_LITERAL_CONVERSION = YES;
				CLANG_WARN_OBJC_ROOT_CLASS = YES_ERROR;
				CLANG_WARN_QUOTED_INCLUDE_IN_FRAMEWORK_HEADER = YES;
				CLANG_WARN_RANGE_LOOP_ANALYSIS = YES;
				CLANG_WARN_STRICT_PROTOTYPES = YES;
				CLANG_WARN_SUSPICIOUS_MOVE = YES;
				CLANG_WARN_UNGUARDED_AVAILABILITY = YES_AGGRESSIVE;
				CLANG_WARN_UNREACHABLE_CODE = YES;
				CLANG_WARN__DUPLICATE_METHOD_MATCH = YES;
				COPY_PHASE_STRIP = NO;
				DEBUG_INFORMATION_FORMAT = dwarf;
				ENABLE_STRICT_OBJC_MSGSEND = YES;
				ENABLE_TESTABILITY = YES;
				ENABLE_USER_SCRIPT_SANDBOXING = YES;
				GCC_C_LANGUAGE_STANDARD = gnu17;
				GCC_DYNAMIC_NO_PIC = NO;
				GCC_NO_COMMON_BLOCKS = YES;
				GCC_OPTIMIZATION_LEVEL = 0;
				GCC_PREPROCESSOR_DEFINITIONS = (
					"DEBUG=1",
					"$(inherited)",
				);
				GCC_WARN_64_TO_32_BIT_CONVERSION = YES;
				GCC_WARN_ABOUT_RETURN_TYPE = YES_ERROR;
				GCC_WARN_UNDECLARED_SELECTOR = YES;
				GCC_WARN_UNINITIALIZED_AUTOS = YES_AGGRESSIVE;
				GCC_WARN_UNUSED_FUNCTION = YES;
				GCC_WARN_UNUSED_VARIABLE = YES;
				IPHONEOS_DEPLOYMENT_TARGET = 26.1;
				LOCALIZATION_PREFERS_STRING_CATALOGS = YES;
				MTL_ENABLE_DEBUG_INFO = INCLUDE_SOURCE;
				MTL_FAST_MATH = YES;
				ONLY_ACTIVE_ARCH = YES;
				SDKROOT = iphoneos;
				SWIFT_ACTIVE_COMPILATION_CONDITIONS = "DEBUG $(inherited)";
				SWIFT_OPTIMIZATION_LEVEL = "-Onone";
			};
			name = Debug;
		};
		401533AE2EBF2EFF005BA896 /* Release */ = {
			isa = XCBuildConfiguration;
			buildSettings = {
				ALWAYS_SEARCH_USER_PATHS = NO;
				ASSETCATALOG_COMPILER_GENERATE_SWIFT_ASSET_SYMBOL_EXTENSIONS = YES;
				CLANG_ANALYZER_NONNULL = YES;
				CLANG_ANALYZER_NUMBER_OBJECT_CONVERSION = YES_AGGRESSIVE;
				CLANG_CXX_LANGUAGE_STANDARD = "gnu++20";
				CLANG_ENABLE_MODULES = YES;
				CLANG_ENABLE_OBJC_ARC = YES;
				CLANG_ENABLE_OBJC_WEAK = YES;
				CLANG_WARN_BLOCK_CAPTURE_AUTORELEASING = YES;
				CLANG_WARN_BOOL_CONVERSION = YES;
				CLANG_WARN_COMMA = YES;
				CLANG_WARN_CONSTANT_CONVERSION = YES;
				CLANG_WARN_DEPRECATED_OBJC_IMPLEMENTATIONS = YES;
				CLANG_WARN_DIRECT_OBJC_ISA_USAGE = YES_ERROR;
				CLANG_WARN_DOCUMENTATION_COMMENTS = YES;
				CLANG_WARN_EMPTY_BODY = YES;
				CLANG_WARN_ENUM_CONVERSION = YES;
				CLANG_WARN_INFINITE_RECURSION = YES;
				CLANG_WARN_INT_CONVERSION = YES;
				CLANG_WARN_NON_LITERAL_NULL_CONVERSION = YES;
				CLANG_WARN_OBJC_IMPLICIT_RETAIN_SELF = YES;
				CLANG_WARN_OBJC_LITERAL_CONVERSION = YES;
				CLANG_WARN_OBJC_ROOT_CLASS = YES_ERROR;
				CLANG_WARN_QUOTED_INCLUDE_IN_FRAMEWORK_HEADER = YES;
				CLANG_WARN_RANGE_LOOP_ANALYSIS = YES;
				CLANG_WARN_STRICT_PROTOTYPES = YES;
				CLANG_WARN_SUSPICIOUS_MOVE = YES;
				CLANG_WARN_UNGUARDED_AVAILABILITY = YES_AGGRESSIVE;
				CLANG_WARN_UNREACHABLE_CODE = YES;
				CLANG_WARN__DUPLICATE_METHOD_MATCH = YES;
				COPY_PHASE_STRIP = NO;
				DEBUG_INFORMATION_FORMAT = "dwarf-with-dsym";
				ENABLE_NS_ASSERTIONS = NO;
				ENABLE_STRICT_OBJC_MSGSEND = YES;
				ENABLE_USER_SCRIPT_SANDBOXING = YES;
				GCC_C_LANGUAGE_STANDARD = gnu17;
				GCC_NO_COMMON_BLOCKS = YES;
				GCC_WARN_64_TO_32_BIT_CONVERSION = YES;
				GCC_WARN_ABOUT_RETURN_TYPE = YES_ERROR;
				GCC_WARN_UNDECLARED_SELECTOR = YES;
				GCC_WARN_UNINITIALIZED_AUTOS = YES_AGGRESSIVE;
				GCC_WARN_UNUSED_FUNCTION = YES;
				GCC_WARN_UNUSED_VARIABLE = YES;
				IPHONEOS_DEPLOYMENT_TARGET = 26.1;
				LOCALIZATION_PREFERS_STRING_CATALOGS = YES;
				MTL_ENABLE_DEBUG_INFO = NO;
				MTL_FAST_MATH = YES;
				SDKROOT = iphoneos;
				SWIFT_COMPILATION_MODE = wholemodule;
				VALIDATE_PRODUCT = YES;
			};
			name = Release;
		};
		401533B02EBF2EFF005BA896 /* Debug */ = {
			isa = XCBuildConfiguration;
			buildSettings = {
				ASSETCATALOG_COMPILER_APPICON_NAME = AppIcon;
				ASSETCATALOG_COMPILER_GLOBAL_ACCENT_COLOR_NAME = AccentColor;
				CODE_SIGN_STYLE = Automatic;
				CURRENT_PROJECT_VERSION = 1;
				DEVELOPMENT_TEAM = 4QY5LZ6CJF;
				ENABLE_PREVIEWS = YES;
				GENERATE_INFOPLIST_FILE = YES;
				INFOPLIST_KEY_CFBundleDisplayName = spaceflight;
				INFOPLIST_KEY_UIApplicationSceneManifest_Generation = YES;
				INFOPLIST_KEY_UIApplicationSupportsIndirectInputEvents = YES;
				INFOPLIST_KEY_UILaunchScreen_Generation = YES;
				INFOPLIST_KEY_UISupportedInterfaceOrientations = UIInterfaceOrientationPortrait;
				IPHONEOS_DEPLOYMENT_TARGET = 17.6;
				LD_RUNPATH_SEARCH_PATHS = (
					"$(inherited)",
					"@executable_path/Frameworks",
				);
				MARKETING_VERSION = 1.0;
				PRODUCT_BUNDLE_IDENTIFIER = com.krisliaTech.spaceflight;
				PRODUCT_NAME = "$(TARGET_NAME)";
				STRING_CATALOG_GENERATE_SYMBOLS = YES;
				SWIFT_APPROACHABLE_CONCURRENCY = YES;
				SWIFT_DEFAULT_ACTOR_ISOLATION = MainActor;
				SWIFT_EMIT_LOC_STRINGS = YES;
				SWIFT_UPCOMING_FEATURE_MEMBER_IMPORT_VISIBILITY = YES;
				SWIFT_VERSION = 5.0;
				TARGETED_DEVICE_FAMILY = "1,2";
			};
			name = Debug;
		};
		401533B12EBF2EFF005BA896 /* Release */ = {
			isa = XCBuildConfiguration;
			buildSettings = {
				ASSETCATALOG_COMPILER_APPICON_NAME = AppIcon;
				ASSETCATALOG_COMPILER_GLOBAL_ACCENT_COLOR_NAME = AccentColor;
				CODE_SIGN_STYLE = Automatic;
				CURRENT_PROJECT_VERSION = 1;
				DEVELOPMENT_TEAM = 4QY5LZ6CJF;
				ENABLE_PREVIEWS = YES;
				GENERATE_INFOPLIST_FILE = YES;
				INFOPLIST_KEY_CFBundleDisplayName = spaceflight;
				INFOPLIST_KEY_UIApplicationSceneManifest_Generation = YES;
				INFOPLIST_KEY_UIApplicationSupportsIndirectInputEvents = YES;
				INFOPLIST_KEY_UILaunchScreen_Generation = YES;
				INFOPLIST_KEY_UISupportedInterfaceOrientations = UIInterfaceOrientationPortrait;
				IPHONEOS_DEPLOYMENT_TARGET = 17.6;
				LD_RUNPATH_SEARCH_PATHS = (
					"$(inherited)",
					"@executable_path/Frameworks",
				);
				MARKETING_VERSION = 1.0;
				PRODUCT_BUNDLE_IDENTIFIER = com.krisliaTech.spaceflight;
				PRODUCT_NAME = "$(TARGET_NAME)";
				STRING_CATALOG_GENERATE_SYMBOLS = YES;
				SWIFT_APPROACHABLE_CONCURRENCY = YES;
				SWIFT_DEFAULT_ACTOR_ISOLATION = MainActor;
				SWIFT_EMIT_LOC_STRINGS = YES;
				SWIFT_UPCOMING_FEATURE_MEMBER_IMPORT_VISIBILITY = YES;
				SWIFT_VERSION = 5.0;
				TARGETED_DEVICE_FAMILY = "1,2";
			};
			name = Release;
		};
		401533B32EBF2EFF005BA896 /* Debug */ = {
			isa = XCBuildConfiguration;
			buildSettings = {
				BUNDLE_LOADER = "$(TEST_HOST)";
				CODE_SIGN_STYLE = Automatic;
				CURRENT_PROJECT_VERSION = 1;
				DEVELOPMENT_TEAM = 4QY5LZ6CJF;
				GENERATE_INFOPLIST_FILE = YES;
				IPHONEOS_DEPLOYMENT_TARGET = 26.1;
				MARKETING_VERSION = 1.0;
				PRODUCT_BUNDLE_IDENTIFIER = com.krisliaTech.spaceflightTests;
				PRODUCT_NAME = "$(TARGET_NAME)";
				STRING_CATALOG_GENERATE_SYMBOLS = NO;
				SWIFT_APPROACHABLE_CONCURRENCY = YES;
				SWIFT_EMIT_LOC_STRINGS = NO;
				SWIFT_UPCOMING_FEATURE_MEMBER_IMPORT_VISIBILITY = YES;
				SWIFT_VERSION = 5.0;
				TARGETED_DEVICE_FAMILY = "1,2";
				TEST_HOST = "$(BUILT_PRODUCTS_DIR)/spaceflight.app/$(BUNDLE_EXECUTABLE_FOLDER_PATH)/spaceflight";
			};
			name = Debug;
		};
		401533B42EBF2EFF005BA896 /* Release */ = {
			isa = XCBuildConfiguration;
			buildSettings = {
				BUNDLE_LOADER = "$(TEST_HOST)";
				CODE_SIGN_STYLE = Automatic;
				CURRENT_PROJECT_VERSION = 1;
				DEVELOPMENT_TEAM = 4QY5LZ6CJF;
				GENERATE_INFOPLIST_FILE = YES;
				IPHONEOS_DEPLOYMENT_TARGET = 26.1;
				MARKETING_VERSION = 1.0;
				PRODUCT_BUNDLE_IDENTIFIER = com.krisliaTech.spaceflightTests;
				PRODUCT_NAME = "$(TARGET_NAME)";
				STRING_CATALOG_GENERATE_SYMBOLS = NO;
				SWIFT_APPROACHABLE_CONCURRENCY = YES;
				SWIFT_EMIT_LOC_STRINGS = NO;
				SWIFT_UPCOMING_FEATURE_MEMBER_IMPORT_VISIBILITY = YES;
				SWIFT_VERSION = 5.0;
				TARGETED_DEVICE_FAMILY = "1,2";
				TEST_HOST = "$(BUILT_PRODUCTS_DIR)/spaceflight.app/$(BUNDLE_EXECUTABLE_FOLDER_PATH)/spaceflight";
			};
			name = Release;
		};
		401533B62EBF2EFF005BA896 /* Debug */ = {
			isa = XCBuildConfiguration;
			buildSettings = {
				CODE_SIGN_STYLE = Automatic;
				CURRENT_PROJECT_VERSION = 1;
				DEVELOPMENT_TEAM = 4QY5LZ6CJF;
				GENERATE_INFOPLIST_FILE = YES;
				MARKETING_VERSION = 1.0;
				PRODUCT_BUNDLE_IDENTIFIER = com.krisliaTech.spaceflightUITests;
				PRODUCT_NAME = "$(TARGET_NAME)";
				STRING_CATALOG_GENERATE_SYMBOLS = NO;
				SWIFT_APPROACHABLE_CONCURRENCY = YES;
				SWIFT_EMIT_LOC_STRINGS = NO;
				SWIFT_UPCOMING_FEATURE_MEMBER_IMPORT_VISIBILITY = YES;
				SWIFT_VERSION = 5.0;
				TARGETED_DEVICE_FAMILY = "1,2";
				TEST_TARGET_NAME = spaceflight;
			};
			name = Debug;
		};
		401533B72EBF2EFF005BA896 /* Release */ = {
			isa = XCBuildConfiguration;
			buildSettings = {
				CODE_SIGN_STYLE = Automatic;
				CURRENT_PROJECT_VERSION = 1;
				DEVELOPMENT_TEAM = 4QY5LZ6CJF;
				GENERATE_INFOPLIST_FILE = YES;
				MARKETING_VERSION = 1.0;
				PRODUCT_BUNDLE_IDENTIFIER = com.krisliaTech.spaceflightUITests;
				PRODUCT_NAME = "$(TARGET_NAME)";
				STRING_CATALOG_GENERATE_SYMBOLS = NO;
				SWIFT_APPROACHABLE_CONCURRENCY = YES;
				SWIFT_EMIT_LOC_STRINGS = NO;
				SWIFT_UPCOMING_FEATURE_MEMBER_IMPORT_VISIBILITY = YES;
				SWIFT_VERSION = 5.0;
				TARGETED_DEVICE_FAMILY = "1,2";
				TEST_TARGET_NAME = spaceflight;
			};
			name = Release;
		};
/* End XCBuildConfiguration section */

/* Begin XCConfigurationList section */
		401533842EBF2EFA005BA896 /* Build configuration list for PBXProject "spaceflight" */ = {
			isa = XCConfigurationList;
			buildConfigurations = (
				401533AD2EBF2EFF005BA896 /* Debug */,
				401533AE2EBF2EFF005BA896 /* Release */,
			);
			defaultConfigurationIsVisible = 0;
			defaultConfigurationName = Release;
		};
		401533AF2EBF2EFF005BA896 /* Build configuration list for PBXNativeTarget "spaceflight" */ = {
			isa = XCConfigurationList;
			buildConfigurations = (
				401533B02EBF2EFF005BA896 /* Debug */,
				401533B12EBF2EFF005BA896 /* Release */,
			);
			defaultConfigurationIsVisible = 0;
			defaultConfigurationName = Release;
		};
		401533B22EBF2EFF005BA896 /* Build configuration list for PBXNativeTarget "spaceflightTests" */ = {
			isa = XCConfigurationList;
			buildConfigurations = (
				401533B32EBF2EFF005BA896 /* Debug */,
				401533B42EBF2EFF005BA896 /* Release */,
			);
			defaultConfigurationIsVisible = 0;
			defaultConfigurationName = Release;
		};
		401533B52EBF2EFF005BA896 /* Build configuration list for PBXNativeTarget "spaceflightUITests" */ = {
			isa = XCConfigurationList;
			buildConfigurations = (
				401533B62EBF2EFF005BA896 /* Debug */,
				401533B72EBF2EFF005BA896 /* Release */,
			);
			defaultConfigurationIsVisible = 0;
			defaultConfigurationName = Release;
		};
/* End XCConfigurationList section */

/* Begin XCRemoteSwiftPackageReference section */
		401533B82EBF30D9005BA896 /* XCRemoteSwiftPackageReference "Alamofire" */ = {
			isa = XCRemoteSwiftPackageReference;
			repositoryURL = "https://github.com/Alamofire/Alamofire";
			requirement = {
				kind = upToNextMajorVersion;
				minimumVersion = 5.10.2;
			};
		};
		401533BD2EBF368B005BA896 /* XCRemoteSwiftPackageReference "Auth0" */ = {
			isa = XCRemoteSwiftPackageReference;
			repositoryURL = "https://github.com/auth0/Auth0.swift";
			requirement = {
				kind = upToNextMajorVersion;
				minimumVersion = 2.15.1;
			};
		};
		401533C02EBF3758005BA896 /* XCRemoteSwiftPackageReference "Swinject" */ = {
			isa = XCRemoteSwiftPackageReference;
			repositoryURL = "https://github.com/Swinject/Swinject";
			requirement = {
				kind = upToNextMajorVersion;
				minimumVersion = 2.10.0;
			};
		};
/* End XCRemoteSwiftPackageReference section */

/* Begin XCSwiftPackageProductDependency section */
		401533B92EBF30D9005BA896 /* Alamofire */ = {
			isa = XCSwiftPackageProductDependency;
			package = 401533B82EBF30D9005BA896 /* XCRemoteSwiftPackageReference "Alamofire" */;
			productName = Alamofire;
		};
		401533BE2EBF368B005BA896 /* Auth0 */ = {
			isa = XCSwiftPackageProductDependency;
			package = 401533BD2EBF368B005BA896 /* XCRemoteSwiftPackageReference "Auth0" */;
			productName = Auth0;
		};
		401533C12EBF3758005BA896 /* Swinject */ = {
			isa = XCSwiftPackageProductDependency;
			package = 401533C02EBF3758005BA896 /* XCRemoteSwiftPackageReference "Swinject" */;
			productName = Swinject;
		};
/* End XCSwiftPackageProductDependency section */
	};
	rootObject = 401533812EBF2EFA005BA896 /* Project object */;
}
